// !$*UTF8*$!
{
	archiveVersion = 1;
	classes = {
	};
	objectVersion = 50;
	objects = {

/* Begin PBXBuildFile section */
		2A118DB4211A132F0059E252 /* AppDelegate.swift in Sources */ = {isa = PBXBuildFile; fileRef = 2A118DB3211A132F0059E252 /* AppDelegate.swift */; };
		2A118DB6211A132F0059E252 /* GameViewController.swift in Sources */ = {isa = PBXBuildFile; fileRef = 2A118DB5211A132F0059E252 /* GameViewController.swift */; };
		2A118DB9211A132F0059E252 /* Main.storyboard in Resources */ = {isa = PBXBuildFile; fileRef = 2A118DB7211A132F0059E252 /* Main.storyboard */; };
		2A118DBC211A132F0059E252 /* _5.xcdatamodeld in Sources */ = {isa = PBXBuildFile; fileRef = 2A118DBA211A132F0059E252 /* _5.xcdatamodeld */; };
		2A118DBE211A13300059E252 /* Assets.xcassets in Resources */ = {isa = PBXBuildFile; fileRef = 2A118DBD211A13300059E252 /* Assets.xcassets */; };
		2A118DC1211A13300059E252 /* LaunchScreen.storyboard in Resources */ = {isa = PBXBuildFile; fileRef = 2A118DBF211A13300059E252 /* LaunchScreen.storyboard */; };
		2A118DCA211A1BD50059E252 /* Utilities.swift in Sources */ = {isa = PBXBuildFile; fileRef = 2A118DC9211A1BD50059E252 /* Utilities.swift */; };
		2A118DCC211AEB2A0059E252 /* Engine.swift in Sources */ = {isa = PBXBuildFile; fileRef = 2A118DCB211AEB2A0059E252 /* Engine.swift */; };
		2A118DCE211AEC100059E252 /* Grid.swift in Sources */ = {isa = PBXBuildFile; fileRef = 2A118DCD211AEC100059E252 /* Grid.swift */; };
		2A237940214C5CF00008FC2A /* Solar.swift in Sources */ = {isa = PBXBuildFile; fileRef = 2A23793F214C5CF00008FC2A /* Solar.swift */; };
		2A237942214E6E8A0008FC2A /* Appearance.swift in Sources */ = {isa = PBXBuildFile; fileRef = 2A237941214E6E8A0008FC2A /* Appearance.swift */; };
		2A8C933D212197F70068F98E /* SettingsTableViewController.swift in Sources */ = {isa = PBXBuildFile; fileRef = 2A8C933C212197F70068F98E /* SettingsTableViewController.swift */; };
		2A93C30A215677C6006BB32B /* Strings.swift in Sources */ = {isa = PBXBuildFile; fileRef = 2A93C309215677C6006BB32B /* Strings.swift */; };
		2A93C30C21567EAD006BB32B /* AutomaticDarkMode.swift in Sources */ = {isa = PBXBuildFile; fileRef = 2A93C30B21567EAD006BB32B /* AutomaticDarkMode.swift */; };
		2AAC1610212D94D00042D4A1 /* GameViewControllerHelper.swift in Sources */ = {isa = PBXBuildFile; fileRef = 2AAC160F212D94D00042D4A1 /* GameViewControllerHelper.swift */; };
		2AAC1633213C04210042D4A1 /* ResultsView.swift in Sources */ = {isa = PBXBuildFile; fileRef = 2AAC1632213C04210042D4A1 /* ResultsView.swift */; };
		2ACDF75C213D5B43004FEA1B /* FeedbackGenerator.swift in Sources */ = {isa = PBXBuildFile; fileRef = 2ACDF75B213D5B43004FEA1B /* FeedbackGenerator.swift */; };
		2ACDF75E213F35B9004FEA1B /* MessageView.swift in Sources */ = {isa = PBXBuildFile; fileRef = 2ACDF75D213F35B9004FEA1B /* MessageView.swift */; };
		2AEEA946215284FA00AC7896 /* CellView.swift in Sources */ = {isa = PBXBuildFile; fileRef = 2AEEA945215284FA00AC7896 /* CellView.swift */; };
/* End PBXBuildFile section */

/* Begin PBXFileReference section */
		2A118DB0211A132F0059E252 /* 25.app */ = {isa = PBXFileReference; explicitFileType = wrapper.application; includeInIndex = 0; path = 25.app; sourceTree = BUILT_PRODUCTS_DIR; };
		2A118DB3211A132F0059E252 /* AppDelegate.swift */ = {isa = PBXFileReference; lastKnownFileType = sourcecode.swift; path = AppDelegate.swift; sourceTree = "<group>"; };
		2A118DB5211A132F0059E252 /* GameViewController.swift */ = {isa = PBXFileReference; lastKnownFileType = sourcecode.swift; path = GameViewController.swift; sourceTree = "<group>"; };
		2A118DB8211A132F0059E252 /* Base */ = {isa = PBXFileReference; lastKnownFileType = file.storyboard; name = Base; path = Base.lproj/Main.storyboard; sourceTree = "<group>"; };
		2A118DBB211A132F0059E252 /* _5.xcdatamodel */ = {isa = PBXFileReference; lastKnownFileType = wrapper.xcdatamodel; path = _5.xcdatamodel; sourceTree = "<group>"; };
		2A118DBD211A13300059E252 /* Assets.xcassets */ = {isa = PBXFileReference; lastKnownFileType = folder.assetcatalog; path = Assets.xcassets; sourceTree = "<group>"; };
		2A118DC0211A13300059E252 /* Base */ = {isa = PBXFileReference; lastKnownFileType = file.storyboard; name = Base; path = Base.lproj/LaunchScreen.storyboard; sourceTree = "<group>"; };
		2A118DC2211A13300059E252 /* Info.plist */ = {isa = PBXFileReference; lastKnownFileType = text.plist.xml; path = Info.plist; sourceTree = "<group>"; };
		2A118DC9211A1BD50059E252 /* Utilities.swift */ = {isa = PBXFileReference; lastKnownFileType = sourcecode.swift; path = Utilities.swift; sourceTree = "<group>"; };
		2A118DCB211AEB2A0059E252 /* Engine.swift */ = {isa = PBXFileReference; lastKnownFileType = sourcecode.swift; path = Engine.swift; sourceTree = "<group>"; };
		2A118DCD211AEC100059E252 /* Grid.swift */ = {isa = PBXFileReference; fileEncoding = 4; lastKnownFileType = sourcecode.swift; path = Grid.swift; sourceTree = "<group>"; };
		2A23793F214C5CF00008FC2A /* Solar.swift */ = {isa = PBXFileReference; fileEncoding = 4; lastKnownFileType = sourcecode.swift; path = Solar.swift; sourceTree = "<group>"; };
		2A237941214E6E8A0008FC2A /* Appearance.swift */ = {isa = PBXFileReference; lastKnownFileType = sourcecode.swift; path = Appearance.swift; sourceTree = "<group>"; };
		2A8C933C212197F70068F98E /* SettingsTableViewController.swift */ = {isa = PBXFileReference; lastKnownFileType = sourcecode.swift; path = SettingsTableViewController.swift; sourceTree = "<group>"; };
		2A93C309215677C6006BB32B /* Strings.swift */ = {isa = PBXFileReference; lastKnownFileType = sourcecode.swift; path = Strings.swift; sourceTree = "<group>"; };
		2A93C30B21567EAD006BB32B /* AutomaticDarkMode.swift */ = {isa = PBXFileReference; lastKnownFileType = sourcecode.swift; path = AutomaticDarkMode.swift; sourceTree = "<group>"; };
		2AAC160F212D94D00042D4A1 /* GameViewControllerHelper.swift */ = {isa = PBXFileReference; lastKnownFileType = sourcecode.swift; path = GameViewControllerHelper.swift; sourceTree = "<group>"; };
		2AAC1632213C04210042D4A1 /* ResultsView.swift */ = {isa = PBXFileReference; lastKnownFileType = sourcecode.swift; path = ResultsView.swift; sourceTree = "<group>"; };
		2ACDF75B213D5B43004FEA1B /* FeedbackGenerator.swift */ = {isa = PBXFileReference; lastKnownFileType = sourcecode.swift; path = FeedbackGenerator.swift; sourceTree = "<group>"; };
		2ACDF75D213F35B9004FEA1B /* MessageView.swift */ = {isa = PBXFileReference; lastKnownFileType = sourcecode.swift; path = MessageView.swift; sourceTree = "<group>"; };
		2AEEA945215284FA00AC7896 /* CellView.swift */ = {isa = PBXFileReference; lastKnownFileType = sourcecode.swift; path = CellView.swift; sourceTree = "<group>"; };
/* End PBXFileReference section */

/* Begin PBXFrameworksBuildPhase section */
		2A118DAD211A132F0059E252 /* Frameworks */ = {
			isa = PBXFrameworksBuildPhase;
			buildActionMask = 2147483647;
			files = (
			);
			runOnlyForDeploymentPostprocessing = 0;
		};
/* End PBXFrameworksBuildPhase section */

/* Begin PBXGroup section */
		2A118DA7211A132F0059E252 = {
			isa = PBXGroup;
			children = (
				2A118DB2211A132F0059E252 /* 25 */,
				2A118DB1211A132F0059E252 /* Products */,
			);
			sourceTree = "<group>";
		};
		2A118DB1211A132F0059E252 /* Products */ = {
			isa = PBXGroup;
			children = (
				2A118DB0211A132F0059E252 /* 25.app */,
			);
			name = Products;
			sourceTree = "<group>";
		};
		2A118DB2211A132F0059E252 /* 25 */ = {
			isa = PBXGroup;
			children = (
				2A7B6799214924F000AE9C7E /* Controllers */,
				2A7B679A214924FC00AE9C7E /* Models */,
				2A7B6798214924DE00AE9C7E /* Views */,
				2A118DB7211A132F0059E252 /* Main.storyboard */,
				2A118DC8211A13450059E252 /* Supporting Files */,
				2A118DC2211A13300059E252 /* Info.plist */,
				2A118DBA211A132F0059E252 /* _5.xcdatamodeld */,
			);
			path = 25;
			sourceTree = "<group>";
		};
		2A118DC8211A13450059E252 /* Supporting Files */ = {
			isa = PBXGroup;
			children = (
				2A118DB3211A132F0059E252 /* AppDelegate.swift */,
				2AAC160F212D94D00042D4A1 /* GameViewControllerHelper.swift */,
				2A237941214E6E8A0008FC2A /* Appearance.swift */,
				2A93C30B21567EAD006BB32B /* AutomaticDarkMode.swift */,
				2A93C309215677C6006BB32B /* Strings.swift */,
				2ACDF75B213D5B43004FEA1B /* FeedbackGenerator.swift */,
				2A118DC9211A1BD50059E252 /* Utilities.swift */,
				2A118DCD211AEC100059E252 /* Grid.swift */,
				2A23793F214C5CF00008FC2A /* Solar.swift */,
				2A118DBD211A13300059E252 /* Assets.xcassets */,
				2A118DBF211A13300059E252 /* LaunchScreen.storyboard */,
			);
			path = "Supporting Files";
			sourceTree = "<group>";
		};
		2A7B6798214924DE00AE9C7E /* Views */ = {
			isa = PBXGroup;
			children = (
				2AAC1632213C04210042D4A1 /* ResultsView.swift */,
				2ACDF75D213F35B9004FEA1B /* MessageView.swift */,
				2AEEA945215284FA00AC7896 /* CellView.swift */,
			);
			path = Views;
			sourceTree = "<group>";
		};
		2A7B6799214924F000AE9C7E /* Controllers */ = {
			isa = PBXGroup;
			children = (
				2A118DB5211A132F0059E252 /* GameViewController.swift */,
				2A8C933C212197F70068F98E /* SettingsTableViewController.swift */,
			);
			path = Controllers;
			sourceTree = "<group>";
		};
		2A7B679A214924FC00AE9C7E /* Models */ = {
			isa = PBXGroup;
			children = (
				2A118DCB211AEB2A0059E252 /* Engine.swift */,
			);
			path = Models;
			sourceTree = "<group>";
		};
/* End PBXGroup section */

/* Begin PBXNativeTarget section */
		2A118DAF211A132F0059E252 /* 25 */ = {
			isa = PBXNativeTarget;
			buildConfigurationList = 2A118DC5211A13300059E252 /* Build configuration list for PBXNativeTarget "25" */;
			buildPhases = (
				2A118DAC211A132F0059E252 /* Sources */,
				2A118DAD211A132F0059E252 /* Frameworks */,
				2A118DAE211A132F0059E252 /* Resources */,
			);
			buildRules = (
			);
			dependencies = (
			);
			name = 25;
			productName = 25;
			productReference = 2A118DB0211A132F0059E252 /* 25.app */;
			productType = "com.apple.product-type.application";
		};
/* End PBXNativeTarget section */

/* Begin PBXProject section */
		2A118DA8211A132F0059E252 /* Project object */ = {
			isa = PBXProject;
			attributes = {
				LastSwiftUpdateCheck = 0940;
				LastUpgradeCheck = 0940;
				ORGANIZATIONNAME = "Ruslan Gritsenko";
				TargetAttributes = {
					2A118DAF211A132F0059E252 = {
						CreatedOnToolsVersion = 9.4.1;
						LastSwiftMigration = 1000;
					};
				};
			};
			buildConfigurationList = 2A118DAB211A132F0059E252 /* Build configuration list for PBXProject "25" */;
			compatibilityVersion = "Xcode 9.3";
			developmentRegion = en;
			hasScannedForEncodings = 0;
			knownRegions = (
				en,
				Base,
			);
			mainGroup = 2A118DA7211A132F0059E252;
			productRefGroup = 2A118DB1211A132F0059E252 /* Products */;
			projectDirPath = "";
			projectRoot = "";
			targets = (
				2A118DAF211A132F0059E252 /* 25 */,
			);
		};
/* End PBXProject section */

/* Begin PBXResourcesBuildPhase section */
		2A118DAE211A132F0059E252 /* Resources */ = {
			isa = PBXResourcesBuildPhase;
			buildActionMask = 2147483647;
			files = (
				2A118DC1211A13300059E252 /* LaunchScreen.storyboard in Resources */,
				2A118DBE211A13300059E252 /* Assets.xcassets in Resources */,
				2A118DB9211A132F0059E252 /* Main.storyboard in Resources */,
			);
			runOnlyForDeploymentPostprocessing = 0;
		};
/* End PBXResourcesBuildPhase section */

/* Begin PBXSourcesBuildPhase section */
		2A118DAC211A132F0059E252 /* Sources */ = {
			isa = PBXSourcesBuildPhase;
			buildActionMask = 2147483647;
			files = (
				2A93C30C21567EAD006BB32B /* AutomaticDarkMode.swift in Sources */,
				2A118DBC211A132F0059E252 /* _5.xcdatamodeld in Sources */,
				2AAC1633213C04210042D4A1 /* ResultsView.swift in Sources */,
				2A118DB6211A132F0059E252 /* GameViewController.swift in Sources */,
				2A237940214C5CF00008FC2A /* Solar.swift in Sources */,
				2A237942214E6E8A0008FC2A /* Appearance.swift in Sources */,
				2AAC1610212D94D00042D4A1 /* GameViewControllerHelper.swift in Sources */,
				2AEEA946215284FA00AC7896 /* CellView.swift in Sources */,
				2A93C30A215677C6006BB32B /* Strings.swift in Sources */,
				2A118DCA211A1BD50059E252 /* Utilities.swift in Sources */,
				2A118DB4211A132F0059E252 /* AppDelegate.swift in Sources */,
				2ACDF75E213F35B9004FEA1B /* MessageView.swift in Sources */,
				2A118DCC211AEB2A0059E252 /* Engine.swift in Sources */,
				2ACDF75C213D5B43004FEA1B /* FeedbackGenerator.swift in Sources */,
				2A118DCE211AEC100059E252 /* Grid.swift in Sources */,
				2A8C933D212197F70068F98E /* SettingsTableViewController.swift in Sources */,
			);
			runOnlyForDeploymentPostprocessing = 0;
		};
/* End PBXSourcesBuildPhase section */

/* Begin PBXVariantGroup section */
		2A118DB7211A132F0059E252 /* Main.storyboard */ = {
			isa = PBXVariantGroup;
			children = (
				2A118DB8211A132F0059E252 /* Base */,
			);
			name = Main.storyboard;
			sourceTree = "<group>";
		};
		2A118DBF211A13300059E252 /* LaunchScreen.storyboard */ = {
			isa = PBXVariantGroup;
			children = (
				2A118DC0211A13300059E252 /* Base */,
			);
			name = LaunchScreen.storyboard;
			sourceTree = "<group>";
		};
/* End PBXVariantGroup section */

/* Begin XCBuildConfiguration section */
		2A118DC3211A13300059E252 /* Debug */ = {
			isa = XCBuildConfiguration;
			buildSettings = {
				ALWAYS_SEARCH_USER_PATHS = NO;
				CLANG_ANALYZER_NONNULL = YES;
				CLANG_ANALYZER_NUMBER_OBJECT_CONVERSION = YES_AGGRESSIVE;
				CLANG_CXX_LANGUAGE_STANDARD = "gnu++14";
				CLANG_CXX_LIBRARY = "libc++";
				CLANG_ENABLE_MODULES = YES;
				CLANG_ENABLE_OBJC_ARC = YES;
				CLANG_ENABLE_OBJC_WEAK = YES;
				CLANG_WARN_BLOCK_CAPTURE_AUTORELEASING = YES;
				CLANG_WARN_BOOL_CONVERSION = YES;
				CLANG_WARN_COMMA = YES;
				CLANG_WARN_CONSTANT_CONVERSION = YES;
				CLANG_WARN_DEPRECATED_OBJC_IMPLEMENTATIONS = YES;
				CLANG_WARN_DIRECT_OBJC_ISA_USAGE = YES_ERROR;
				CLANG_WARN_DOCUMENTATION_COMMENTS = YES;
				CLANG_WARN_EMPTY_BODY = YES;
				CLANG_WARN_ENUM_CONVERSION = YES;
				CLANG_WARN_INFINITE_RECURSION = YES;
				CLANG_WARN_INT_CONVERSION = YES;
				CLANG_WARN_NON_LITERAL_NULL_CONVERSION = YES;
				CLANG_WARN_OBJC_IMPLICIT_RETAIN_SELF = YES;
				CLANG_WARN_OBJC_LITERAL_CONVERSION = YES;
				CLANG_WARN_OBJC_ROOT_CLASS = YES_ERROR;
				CLANG_WARN_RANGE_LOOP_ANALYSIS = YES;
				CLANG_WARN_STRICT_PROTOTYPES = YES;
				CLANG_WARN_SUSPICIOUS_MOVE = YES;
				CLANG_WARN_UNGUARDED_AVAILABILITY = YES_AGGRESSIVE;
				CLANG_WARN_UNREACHABLE_CODE = YES;
				CLANG_WARN__DUPLICATE_METHOD_MATCH = YES;
				CODE_SIGN_IDENTITY = "iPhone Developer";
				COPY_PHASE_STRIP = NO;
				DEBUG_INFORMATION_FORMAT = dwarf;
				ENABLE_STRICT_OBJC_MSGSEND = YES;
				ENABLE_TESTABILITY = YES;
				GCC_C_LANGUAGE_STANDARD = gnu11;
				GCC_DYNAMIC_NO_PIC = NO;
				GCC_NO_COMMON_BLOCKS = YES;
				GCC_OPTIMIZATION_LEVEL = 0;
				GCC_PREPROCESSOR_DEFINITIONS = (
					"DEBUG=1",
					"$(inherited)",
				);
				GCC_WARN_64_TO_32_BIT_CONVERSION = YES;
				GCC_WARN_ABOUT_RETURN_TYPE = YES_ERROR;
				GCC_WARN_UNDECLARED_SELECTOR = YES;
				GCC_WARN_UNINITIALIZED_AUTOS = YES_AGGRESSIVE;
				GCC_WARN_UNUSED_FUNCTION = YES;
				GCC_WARN_UNUSED_VARIABLE = YES;
				IPHONEOS_DEPLOYMENT_TARGET = 11.4;
				MTL_ENABLE_DEBUG_INFO = YES;
				ONLY_ACTIVE_ARCH = YES;
				SDKROOT = iphoneos;
				SWIFT_ACTIVE_COMPILATION_CONDITIONS = DEBUG;
				SWIFT_OPTIMIZATION_LEVEL = "-Onone";
			};
			name = Debug;
		};
		2A118DC4211A13300059E252 /* Release */ = {
			isa = XCBuildConfiguration;
			buildSettings = {
				ALWAYS_SEARCH_USER_PATHS = NO;
				CLANG_ANALYZER_NONNULL = YES;
				CLANG_ANALYZER_NUMBER_OBJECT_CONVERSION = YES_AGGRESSIVE;
				CLANG_CXX_LANGUAGE_STANDARD = "gnu++14";
				CLANG_CXX_LIBRARY = "libc++";
				CLANG_ENABLE_MODULES = YES;
				CLANG_ENABLE_OBJC_ARC = YES;
				CLANG_ENABLE_OBJC_WEAK = YES;
				CLANG_WARN_BLOCK_CAPTURE_AUTORELEASING = YES;
				CLANG_WARN_BOOL_CONVERSION = YES;
				CLANG_WARN_COMMA = YES;
				CLANG_WARN_CONSTANT_CONVERSION = YES;
				CLANG_WARN_DEPRECATED_OBJC_IMPLEMENTATIONS = YES;
				CLANG_WARN_DIRECT_OBJC_ISA_USAGE = YES_ERROR;
				CLANG_WARN_DOCUMENTATION_COMMENTS = YES;
				CLANG_WARN_EMPTY_BODY = YES;
				CLANG_WARN_ENUM_CONVERSION = YES;
				CLANG_WARN_INFINITE_RECURSION = YES;
				CLANG_WARN_INT_CONVERSION = YES;
				CLANG_WARN_NON_LITERAL_NULL_CONVERSION = YES;
				CLANG_WARN_OBJC_IMPLICIT_RETAIN_SELF = YES;
				CLANG_WARN_OBJC_LITERAL_CONVERSION = YES;
				CLANG_WARN_OBJC_ROOT_CLASS = YES_ERROR;
				CLANG_WARN_RANGE_LOOP_ANALYSIS = YES;
				CLANG_WARN_STRICT_PROTOTYPES = YES;
				CLANG_WARN_SUSPICIOUS_MOVE = YES;
				CLANG_WARN_UNGUARDED_AVAILABILITY = YES_AGGRESSIVE;
				CLANG_WARN_UNREACHABLE_CODE = YES;
				CLANG_WARN__DUPLICATE_METHOD_MATCH = YES;
				CODE_SIGN_IDENTITY = "iPhone Developer";
				COPY_PHASE_STRIP = NO;
				DEBUG_INFORMATION_FORMAT = "dwarf-with-dsym";
				ENABLE_NS_ASSERTIONS = NO;
				ENABLE_STRICT_OBJC_MSGSEND = YES;
				GCC_C_LANGUAGE_STANDARD = gnu11;
				GCC_NO_COMMON_BLOCKS = YES;
				GCC_WARN_64_TO_32_BIT_CONVERSION = YES;
				GCC_WARN_ABOUT_RETURN_TYPE = YES_ERROR;
				GCC_WARN_UNDECLARED_SELECTOR = YES;
				GCC_WARN_UNINITIALIZED_AUTOS = YES_AGGRESSIVE;
				GCC_WARN_UNUSED_FUNCTION = YES;
				GCC_WARN_UNUSED_VARIABLE = YES;
				IPHONEOS_DEPLOYMENT_TARGET = 11.4;
				MTL_ENABLE_DEBUG_INFO = NO;
				SDKROOT = iphoneos;
				SWIFT_COMPILATION_MODE = wholemodule;
				SWIFT_OPTIMIZATION_LEVEL = "-O";
				VALIDATE_PRODUCT = YES;
			};
			name = Release;
		};
		2A118DC6211A13300059E252 /* Debug */ = {
			isa = XCBuildConfiguration;
			buildSettings = {
				ASSETCATALOG_COMPILER_APPICON_NAME = AppIcon;
				CODE_SIGN_STYLE = Automatic;
				DEVELOPMENT_TEAM = 88X53XUV8A;
				INFOPLIST_FILE = 25/Info.plist;
				LD_RUNPATH_SEARCH_PATHS = (
					"$(inherited)",
					"@executable_path/Frameworks",
				);
				PRODUCT_BUNDLE_IDENTIFIER = "com.ruslangritsenko.-5";
				PRODUCT_NAME = "$(TARGET_NAME)";
				SWIFT_VERSION = 4.2;
				TARGETED_DEVICE_FAMILY = "1,2";
			};
			name = Debug;
		};
		2A118DC7211A13300059E252 /* Release */ = {
			isa = XCBuildConfiguration;
			buildSettings = {
				ASSETCATALOG_COMPILER_APPICON_NAME = AppIcon;
				CODE_SIGN_STYLE = Automatic;
				DEVELOPMENT_TEAM = 88X53XUV8A;
				INFOPLIST_FILE = 25/Info.plist;
				LD_RUNPATH_SEARCH_PATHS = (
					"$(inherited)",
					"@executable_path/Frameworks",
				);
				PRODUCT_BUNDLE_IDENTIFIER = "com.ruslangritsenko.-5";
				PRODUCT_NAME = "$(TARGET_NAME)";
				SWIFT_VERSION = 4.2;
				TARGETED_DEVICE_FAMILY = "1,2";
			};
			name = Release;
		};
/* End XCBuildConfiguration section */

/* Begin XCConfigurationList section */
		2A118DAB211A132F0059E252 /* Build configuration list for PBXProject "25" */ = {
			isa = XCConfigurationList;
			buildConfigurations = (
				2A118DC3211A13300059E252 /* Debug */,
				2A118DC4211A13300059E252 /* Release */,
			);
			defaultConfigurationIsVisible = 0;
			defaultConfigurationName = Release;
		};
		2A118DC5211A13300059E252 /* Build configuration list for PBXNativeTarget "25" */ = {
			isa = XCConfigurationList;
			buildConfigurations = (
				2A118DC6211A13300059E252 /* Debug */,
				2A118DC7211A13300059E252 /* Release */,
			);
			defaultConfigurationIsVisible = 0;
			defaultConfigurationName = Release;
		};
/* End XCConfigurationList section */

/* Begin XCVersionGroup section */
		2A118DBA211A132F0059E252 /* _5.xcdatamodeld */ = {
			isa = XCVersionGroup;
			children = (
				2A118DBB211A132F0059E252 /* _5.xcdatamodel */,
			);
			currentVersion = 2A118DBB211A132F0059E252 /* _5.xcdatamodel */;
			path = _5.xcdatamodeld;
			sourceTree = "<group>";
			versionGroupType = wrapper.xcdatamodel;
		};
/* End XCVersionGroup section */
	};
	rootObject = 2A118DA8211A132F0059E252 /* Project object */;
}
